
Microsoft Visual Studio Solution File, Format Version 12.00
# Visual Studio 15
VisualStudioVersion = 15.0.28307.168
MinimumVisualStudioVersion = 10.0.40219.1
Project("{FAE04EC0-301F-11D3-BF4B-00C04F79EFBC}") = "MTagger3", "MTagger3\MTagger3.csproj", "{8FB93256-1AF4-41BB-A66A-286EC735746D}"
EndProject
Global
	GlobalSection(SolutionConfigurationPlatforms) = preSolution
		Debug|Any CPU = Debug|Any CPU
		Release|Any CPU = Release|Any CPU
	EndGlobalSection
	GlobalSection(ProjectConfigurationPlatforms) = postSolution
		{8FB93256-1AF4-41BB-A66A-286EC735746D}.Debug|Any CPU.ActiveCfg = Debug|Any CPU
		{8FB93256-1AF4-41BB-A66A-286EC735746D}.Debug|Any CPU.Build.0 = Debug|Any CPU
		{8FB93256-1AF4-41BB-A66A-286EC735746D}.Release|Any CPU.ActiveCfg = Release|Any CPU
		{8FB93256-1AF4-41BB-A66A-286EC735746D}.Release|Any CPU.Build.0 = Release|Any CPU
	EndGlobalSection
	GlobalSection(SolutionProperties) = preSolution
		HideSolutionNode = FALSE
	EndGlobalSection
	GlobalSection(ExtensibilityGlobals) = postSolution
		SolutionGuid = {98E663F2-84BD-4F84-ADD8-8E26E40859C6}
	EndGlobalSection
EndGlobal
